// !$*UTF8*$!
{
	archiveVersion = 1;
	classes = {
	};
	objectVersion = 48;
	objects = {

/* Begin PBXBuildFile section */
		99065277B01B657FDDD0CF9F /* Pods_Todoey.framework in Frameworks */ = {isa = PBXBuildFile; fileRef = 7472F79C4E3B02D7509E2E3A /* Pods_Todoey.framework */; };
		D74EBDD6203ECBED00660B91 /* Item.swift in Sources */ = {isa = PBXBuildFile; fileRef = D74EBDD5203ECBED00660B91 /* Item.swift */; };
		D74EBDD8203ECC0400660B91 /* Category.swift in Sources */ = {isa = PBXBuildFile; fileRef = D74EBDD7203ECC0400660B91 /* Category.swift */; };
		D7AA41B0203B03CE001D3F0B /* CategoryViewController.swift in Sources */ = {isa = PBXBuildFile; fileRef = D7AA41AF203B03CE001D3F0B /* CategoryViewController.swift */; };
		D7AD61B72031AEBA00EE9F58 /* AppDelegate.swift in Sources */ = {isa = PBXBuildFile; fileRef = D7AD61B62031AEBA00EE9F58 /* AppDelegate.swift */; };
		D7AD61B92031AEBA00EE9F58 /* TodoListViewController.swift in Sources */ = {isa = PBXBuildFile; fileRef = D7AD61B82031AEBA00EE9F58 /* TodoListViewController.swift */; };
		D7AD61BC2031AEBA00EE9F58 /* Main.storyboard in Resources */ = {isa = PBXBuildFile; fileRef = D7AD61BA2031AEBA00EE9F58 /* Main.storyboard */; };
		D7AD61BE2031AEBA00EE9F58 /* Assets.xcassets in Resources */ = {isa = PBXBuildFile; fileRef = D7AD61BD2031AEBA00EE9F58 /* Assets.xcassets */; };
		D7AD61C12031AEBA00EE9F58 /* LaunchScreen.storyboard in Resources */ = {isa = PBXBuildFile; fileRef = D7AD61BF2031AEBA00EE9F58 /* LaunchScreen.storyboard */; };
/* End PBXBuildFile section */

/* Begin PBXFileReference section */
		365F99DD9886DCB71FB4FE8A /* Pods-Todoey.release.xcconfig */ = {isa = PBXFileReference; includeInIndex = 1; lastKnownFileType = text.xcconfig; name = "Pods-Todoey.release.xcconfig"; path = "Pods/Target Support Files/Pods-Todoey/Pods-Todoey.release.xcconfig"; sourceTree = "<group>"; };
		7472F79C4E3B02D7509E2E3A /* Pods_Todoey.framework */ = {isa = PBXFileReference; explicitFileType = wrapper.framework; includeInIndex = 0; path = Pods_Todoey.framework; sourceTree = BUILT_PRODUCTS_DIR; };
		B11979C618E317C00774433C /* Pods-Todoey.debug.xcconfig */ = {isa = PBXFileReference; includeInIndex = 1; lastKnownFileType = text.xcconfig; name = "Pods-Todoey.debug.xcconfig"; path = "Pods/Target Support Files/Pods-Todoey/Pods-Todoey.debug.xcconfig"; sourceTree = "<group>"; };
		D74EBDD5203ECBED00660B91 /* Item.swift */ = {isa = PBXFileReference; lastKnownFileType = sourcecode.swift; path = Item.swift; sourceTree = "<group>"; };
		D74EBDD7203ECC0400660B91 /* Category.swift */ = {isa = PBXFileReference; lastKnownFileType = sourcecode.swift; path = Category.swift; sourceTree = "<group>"; };
		D7AA41AF203B03CE001D3F0B /* CategoryViewController.swift */ = {isa = PBXFileReference; lastKnownFileType = sourcecode.swift; path = CategoryViewController.swift; sourceTree = "<group>"; };
		D7AD61B32031AEBA00EE9F58 /* Todoey.app */ = {isa = PBXFileReference; explicitFileType = wrapper.application; includeInIndex = 0; path = Todoey.app; sourceTree = BUILT_PRODUCTS_DIR; };
		D7AD61B62031AEBA00EE9F58 /* AppDelegate.swift */ = {isa = PBXFileReference; lastKnownFileType = sourcecode.swift; path = AppDelegate.swift; sourceTree = "<group>"; };
		D7AD61B82031AEBA00EE9F58 /* TodoListViewController.swift */ = {isa = PBXFileReference; lastKnownFileType = sourcecode.swift; path = TodoListViewController.swift; sourceTree = "<group>"; };
		D7AD61BB2031AEBA00EE9F58 /* Base */ = {isa = PBXFileReference; lastKnownFileType = file.storyboard; name = Base; path = Base.lproj/Main.storyboard; sourceTree = "<group>"; };
		D7AD61BD2031AEBA00EE9F58 /* Assets.xcassets */ = {isa = PBXFileReference; lastKnownFileType = folder.assetcatalog; path = Assets.xcassets; sourceTree = "<group>"; };
		D7AD61C02031AEBA00EE9F58 /* Base */ = {isa = PBXFileReference; lastKnownFileType = file.storyboard; name = Base; path = Base.lproj/LaunchScreen.storyboard; sourceTree = "<group>"; };
		D7AD61C22031AEBA00EE9F58 /* Info.plist */ = {isa = PBXFileReference; lastKnownFileType = text.plist.xml; path = Info.plist; sourceTree = "<group>"; };
/* End PBXFileReference section */

/* Begin PBXFrameworksBuildPhase section */
		D7AD61B02031AEBA00EE9F58 /* Frameworks */ = {
			isa = PBXFrameworksBuildPhase;
			buildActionMask = 2147483647;
			files = (
				99065277B01B657FDDD0CF9F /* Pods_Todoey.framework in Frameworks */,
			);
			runOnlyForDeploymentPostprocessing = 0;
		};
/* End PBXFrameworksBuildPhase section */

/* Begin PBXGroup section */
		92D0967A5684C634C637B51A /* Pods */ = {
			isa = PBXGroup;
			children = (
				B11979C618E317C00774433C /* Pods-Todoey.debug.xcconfig */,
				365F99DD9886DCB71FB4FE8A /* Pods-Todoey.release.xcconfig */,
			);
			name = Pods;
			sourceTree = "<group>";
		};
		D720504E2035D3880020AA8D /* Data Model */ = {
			isa = PBXGroup;
			children = (
				D74EBDD7203ECC0400660B91 /* Category.swift */,
				D74EBDD5203ECBED00660B91 /* Item.swift */,
			);
			path = "Data Model";
			sourceTree = "<group>";
		};
		D720504F2035D3A50020AA8D /* Controllers */ = {
			isa = PBXGroup;
			children = (
				D7AA41AF203B03CE001D3F0B /* CategoryViewController.swift */,
				D7AD61B82031AEBA00EE9F58 /* TodoListViewController.swift */,
			);
			path = Controllers;
			sourceTree = "<group>";
		};
		D72050502035D3C10020AA8D /* Views */ = {
			isa = PBXGroup;
			children = (
				D7AD61BA2031AEBA00EE9F58 /* Main.storyboard */,
			);
			path = Views;
			sourceTree = "<group>";
		};
		D72050512035D3D80020AA8D /* Supporting Files */ = {
			isa = PBXGroup;
			children = (
				D7AD61BD2031AEBA00EE9F58 /* Assets.xcassets */,
				D7AD61BF2031AEBA00EE9F58 /* LaunchScreen.storyboard */,
			);
			path = "Supporting Files";
			sourceTree = "<group>";
		};
		D7AD61AA2031AEBA00EE9F58 = {
			isa = PBXGroup;
			children = (
				D7AD61B52031AEBA00EE9F58 /* Todoey */,
				D7AD61B42031AEBA00EE9F58 /* Products */,
				92D0967A5684C634C637B51A /* Pods */,
				EB8A2E1D9E5DFE7272841EDF /* Frameworks */,
			);
			sourceTree = "<group>";
		};
		D7AD61B42031AEBA00EE9F58 /* Products */ = {
			isa = PBXGroup;
			children = (
				D7AD61B32031AEBA00EE9F58 /* Todoey.app */,
			);
			name = Products;
			sourceTree = "<group>";
		};
		D7AD61B52031AEBA00EE9F58 /* Todoey */ = {
			isa = PBXGroup;
			children = (
				D7AD61B62031AEBA00EE9F58 /* AppDelegate.swift */,
				D720504F2035D3A50020AA8D /* Controllers */,
				D720504E2035D3880020AA8D /* Data Model */,
				D72050502035D3C10020AA8D /* Views */,
				D72050512035D3D80020AA8D /* Supporting Files */,
				D7AD61C22031AEBA00EE9F58 /* Info.plist */,
			);
			path = Todoey;
			sourceTree = "<group>";
		};
		EB8A2E1D9E5DFE7272841EDF /* Frameworks */ = {
			isa = PBXGroup;
			children = (
				7472F79C4E3B02D7509E2E3A /* Pods_Todoey.framework */,
			);
			name = Frameworks;
			sourceTree = "<group>";
		};
/* End PBXGroup section */

/* Begin PBXNativeTarget section */
		D7AD61B22031AEBA00EE9F58 /* Todoey */ = {
			isa = PBXNativeTarget;
			buildConfigurationList = D7AD61C52031AEBA00EE9F58 /* Build configuration list for PBXNativeTarget "Todoey" */;
			buildPhases = (
				1FA48BA089B1A382D83CAB40 /* [CP] Check Pods Manifest.lock */,
				D7AD61AF2031AEBA00EE9F58 /* Sources */,
				D7AD61B02031AEBA00EE9F58 /* Frameworks */,
				D7AD61B12031AEBA00EE9F58 /* Resources */,
				DD4E4F8DB1DAE255289CA6DF /* [CP] Embed Pods Frameworks */,
				84F96A3FB57659B41309BBCC /* [CP] Copy Pods Resources */,
			);
			buildRules = (
			);
			dependencies = (
			);
			name = Todoey;
			productName = Todoey;
			productReference = D7AD61B32031AEBA00EE9F58 /* Todoey.app */;
			productType = "com.apple.product-type.application";
		};
/* End PBXNativeTarget section */

/* Begin PBXProject section */
		D7AD61AB2031AEBA00EE9F58 /* Project object */ = {
			isa = PBXProject;
			attributes = {
				LastSwiftUpdateCheck = 0920;
				LastUpgradeCheck = 0920;
				ORGANIZATIONNAME = Ishay;
				TargetAttributes = {
					D7AD61B22031AEBA00EE9F58 = {
						CreatedOnToolsVersion = 9.2;
						ProvisioningStyle = Automatic;
					};
				};
			};
			buildConfigurationList = D7AD61AE2031AEBA00EE9F58 /* Build configuration list for PBXProject "Todoey" */;
			compatibilityVersion = "Xcode 8.0";
			developmentRegion = en;
			hasScannedForEncodings = 0;
			knownRegions = (
				en,
				Base,
			);
			mainGroup = D7AD61AA2031AEBA00EE9F58;
			productRefGroup = D7AD61B42031AEBA00EE9F58 /* Products */;
			projectDirPath = "";
			projectRoot = "";
			targets = (
				D7AD61B22031AEBA00EE9F58 /* Todoey */,
			);
		};
/* End PBXProject section */

/* Begin PBXResourcesBuildPhase section */
		D7AD61B12031AEBA00EE9F58 /* Resources */ = {
			isa = PBXResourcesBuildPhase;
			buildActionMask = 2147483647;
			files = (
				D7AD61C12031AEBA00EE9F58 /* LaunchScreen.storyboard in Resources */,
				D7AD61BE2031AEBA00EE9F58 /* Assets.xcassets in Resources */,
				D7AD61BC2031AEBA00EE9F58 /* Main.storyboard in Resources */,
			);
			runOnlyForDeploymentPostprocessing = 0;
		};
/* End PBXResourcesBuildPhase section */

/* Begin PBXShellScriptBuildPhase section */
		1FA48BA089B1A382D83CAB40 /* [CP] Check Pods Manifest.lock */ = {
			isa = PBXShellScriptBuildPhase;
			buildActionMask = 2147483647;
			files = (
			);
			inputPaths = (
				"${PODS_PODFILE_DIR_PATH}/Podfile.lock",
				"${PODS_ROOT}/Manifest.lock",
			);
			name = "[CP] Check Pods Manifest.lock";
			outputPaths = (
				"$(DERIVED_FILE_DIR)/Pods-Todoey-checkManifestLockResult.txt",
			);
			runOnlyForDeploymentPostprocessing = 0;
			shellPath = /bin/sh;
			shellScript = "diff \"${PODS_PODFILE_DIR_PATH}/Podfile.lock\" \"${PODS_ROOT}/Manifest.lock\" > /dev/null\nif [ $? != 0 ] ; then\n    # print error to STDERR\n    echo \"error: The sandbox is not in sync with the Podfile.lock. Run 'pod install' or update your CocoaPods installation.\" >&2\n    exit 1\nfi\n# This output is used by Xcode 'outputs' to avoid re-running this script phase.\necho \"SUCCESS\" > \"${SCRIPT_OUTPUT_FILE_0}\"\n";
			showEnvVarsInLog = 0;
		};
		84F96A3FB57659B41309BBCC /* [CP] Copy Pods Resources */ = {
			isa = PBXShellScriptBuildPhase;
			buildActionMask = 2147483647;
			files = (
			);
			inputPaths = (
			);
			name = "[CP] Copy Pods Resources";
			outputPaths = (
			);
			runOnlyForDeploymentPostprocessing = 0;
			shellPath = /bin/sh;
			shellScript = "\"${SRCROOT}/Pods/Target Support Files/Pods-Todoey/Pods-Todoey-resources.sh\"\n";
			showEnvVarsInLog = 0;
		};
		DD4E4F8DB1DAE255289CA6DF /* [CP] Embed Pods Frameworks */ = {
			isa = PBXShellScriptBuildPhase;
			buildActionMask = 2147483647;
			files = (
			);
			inputPaths = (
				"${SRCROOT}/Pods/Target Support Files/Pods-Todoey/Pods-Todoey-frameworks.sh",
				"${BUILT_PRODUCTS_DIR}/Realm/Realm.framework",
				"${BUILT_PRODUCTS_DIR}/RealmSwift/RealmSwift.framework",
				"${BUILT_PRODUCTS_DIR}/SwipeCellKit/SwipeCellKit.framework",
			);
			name = "[CP] Embed Pods Frameworks";
			outputPaths = (
				"${TARGET_BUILD_DIR}/${FRAMEWORKS_FOLDER_PATH}/Realm.framework",
				"${TARGET_BUILD_DIR}/${FRAMEWORKS_FOLDER_PATH}/RealmSwift.framework",
				"${TARGET_BUILD_DIR}/${FRAMEWORKS_FOLDER_PATH}/SwipeCellKit.framework",
			);
			runOnlyForDeploymentPostprocessing = 0;
			shellPath = /bin/sh;
			shellScript = "\"${SRCROOT}/Pods/Target Support Files/Pods-Todoey/Pods-Todoey-frameworks.sh\"\n";
			showEnvVarsInLog = 0;
		};
/* End PBXShellScriptBuildPhase section */

/* Begin PBXSourcesBuildPhase section */
		D7AD61AF2031AEBA00EE9F58 /* Sources */ = {
			isa = PBXSourcesBuildPhase;
			buildActionMask = 2147483647;
			files = (
				D74EBDD6203ECBED00660B91 /* Item.swift in Sources */,
				D7AA41B0203B03CE001D3F0B /* CategoryViewController.swift in Sources */,
				D7AD61B92031AEBA00EE9F58 /* TodoListViewController.swift in Sources */,
				D7AD61B72031AEBA00EE9F58 /* AppDelegate.swift in Sources */,
				D74EBDD8203ECC0400660B91 /* Category.swift in Sources */,
			);
			runOnlyForDeploymentPostprocessing = 0;
		};
/* End PBXSourcesBuildPhase section */

/* Begin PBXVariantGroup section */
		D7AD61BA2031AEBA00EE9F58 /* Main.storyboard */ = {
			isa = PBXVariantGroup;
			children = (
				D7AD61BB2031AEBA00EE9F58 /* Base */,
			);
			name = Main.storyboard;
			sourceTree = "<group>";
		};
		D7AD61BF2031AEBA00EE9F58 /* LaunchScreen.storyboard */ = {
			isa = PBXVariantGroup;
			children = (
				D7AD61C02031AEBA00EE9F58 /* Base */,
			);
			name = LaunchScreen.storyboard;
			sourceTree = "<group>";
		};
/* End PBXVariantGroup section */

/* Begin XCBuildConfiguration section */
		D7AD61C32031AEBA00EE9F58 /* Debug */ = {
			isa = XCBuildConfiguration;
			buildSettings = {
				ALWAYS_SEARCH_USER_PATHS = NO;
				CLANG_ANALYZER_NONNULL = YES;
				CLANG_ANALYZER_NUMBER_OBJECT_CONVERSION = YES_AGGRESSIVE;
				CLANG_CXX_LANGUAGE_STANDARD = "gnu++14";
				CLANG_CXX_LIBRARY = "libc++";
				CLANG_ENABLE_MODULES = YES;
				CLANG_ENABLE_OBJC_ARC = YES;
				CLANG_WARN_BLOCK_CAPTURE_AUTORELEASING = YES;
				CLANG_WARN_BOOL_CONVERSION = YES;
				CLANG_WARN_COMMA = YES;
				CLANG_WARN_CONSTANT_CONVERSION = YES;
				CLANG_WARN_DIRECT_OBJC_ISA_USAGE = YES_ERROR;
				CLANG_WARN_DOCUMENTATION_COMMENTS = YES;
				CLANG_WARN_EMPTY_BODY = YES;
				CLANG_WARN_ENUM_CONVERSION = YES;
				CLANG_WARN_INFINITE_RECURSION = YES;
				CLANG_WARN_INT_CONVERSION = YES;
				CLANG_WARN_NON_LITERAL_NULL_CONVERSION = YES;
				CLANG_WARN_OBJC_LITERAL_CONVERSION = YES;
				CLANG_WARN_OBJC_ROOT_CLASS = YES_ERROR;
				CLANG_WARN_RANGE_LOOP_ANALYSIS = YES;
				CLANG_WARN_STRICT_PROTOTYPES = YES;
				CLANG_WARN_SUSPICIOUS_MOVE = YES;
				CLANG_WARN_UNGUARDED_AVAILABILITY = YES_AGGRESSIVE;
				CLANG_WARN_UNREACHABLE_CODE = YES;
				CLANG_WARN__DUPLICATE_METHOD_MATCH = YES;
				CODE_SIGN_IDENTITY = "iPhone Developer";
				COPY_PHASE_STRIP = NO;
				DEBUG_INFORMATION_FORMAT = dwarf;
				ENABLE_STRICT_OBJC_MSGSEND = YES;
				ENABLE_TESTABILITY = YES;
				GCC_C_LANGUAGE_STANDARD = gnu11;
				GCC_DYNAMIC_NO_PIC = NO;
				GCC_NO_COMMON_BLOCKS = YES;
				GCC_OPTIMIZATION_LEVEL = 0;
				GCC_PREPROCESSOR_DEFINITIONS = (
					"DEBUG=1",
					"$(inherited)",
				);
				GCC_WARN_64_TO_32_BIT_CONVERSION = YES;
				GCC_WARN_ABOUT_RETURN_TYPE = YES_ERROR;
				GCC_WARN_UNDECLARED_SELECTOR = YES;
				GCC_WARN_UNINITIALIZED_AUTOS = YES_AGGRESSIVE;
				GCC_WARN_UNUSED_FUNCTION = YES;
				GCC_WARN_UNUSED_VARIABLE = YES;
				IPHONEOS_DEPLOYMENT_TARGET = 11.2;
				MTL_ENABLE_DEBUG_INFO = YES;
				ONLY_ACTIVE_ARCH = YES;
				SDKROOT = iphoneos;
				SWIFT_ACTIVE_COMPILATION_CONDITIONS = DEBUG;
				SWIFT_OPTIMIZATION_LEVEL = "-Onone";
			};
			name = Debug;
		};
		D7AD61C42031AEBA00EE9F58 /* Release */ = {
			isa = XCBuildConfiguration;
			buildSettings = {
				ALWAYS_SEARCH_USER_PATHS = NO;
				CLANG_ANALYZER_NONNULL = YES;
				CLANG_ANALYZER_NUMBER_OBJECT_CONVERSION = YES_AGGRESSIVE;
				CLANG_CXX_LANGUAGE_STANDARD = "gnu++14";
				CLANG_CXX_LIBRARY = "libc++";
				CLANG_ENABLE_MODULES = YES;
				CLANG_ENABLE_OBJC_ARC = YES;
				CLANG_WARN_BLOCK_CAPTURE_AUTORELEASING = YES;
				CLANG_WARN_BOOL_CONVERSION = YES;
				CLANG_WARN_COMMA = YES;
				CLANG_WARN_CONSTANT_CONVERSION = YES;
				CLANG_WARN_DIRECT_OBJC_ISA_USAGE = YES_ERROR;
				CLANG_WARN_DOCUMENTATION_COMMENTS = YES;
				CLANG_WARN_EMPTY_BODY = YES;
				CLANG_WARN_ENUM_CONVERSION = YES;
				CLANG_WARN_INFINITE_RECURSION = YES;
				CLANG_WARN_INT_CONVERSION = YES;
				CLANG_WARN_NON_LITERAL_NULL_CONVERSION = YES;
				CLANG_WARN_OBJC_LITERAL_CONVERSION = YES;
				CLANG_WARN_OBJC_ROOT_CLASS = YES_ERROR;
				CLANG_WARN_RANGE_LOOP_ANALYSIS = YES;
				CLANG_WARN_STRICT_PROTOTYPES = YES;
				CLANG_WARN_SUSPICIOUS_MOVE = YES;
				CLANG_WARN_UNGUARDED_AVAILABILITY = YES_AGGRESSIVE;
				CLANG_WARN_UNREACHABLE_CODE = YES;
				CLANG_WARN__DUPLICATE_METHOD_MATCH = YES;
				CODE_SIGN_IDENTITY = "iPhone Developer";
				COPY_PHASE_STRIP = NO;
				DEBUG_INFORMATION_FORMAT = "dwarf-with-dsym";
				ENABLE_NS_ASSERTIONS = NO;
				ENABLE_STRICT_OBJC_MSGSEND = YES;
				GCC_C_LANGUAGE_STANDARD = gnu11;
				GCC_NO_COMMON_BLOCKS = YES;
				GCC_WARN_64_TO_32_BIT_CONVERSION = YES;
				GCC_WARN_ABOUT_RETURN_TYPE = YES_ERROR;
				GCC_WARN_UNDECLARED_SELECTOR = YES;
				GCC_WARN_UNINITIALIZED_AUTOS = YES_AGGRESSIVE;
				GCC_WARN_UNUSED_FUNCTION = YES;
				GCC_WARN_UNUSED_VARIABLE = YES;
				IPHONEOS_DEPLOYMENT_TARGET = 11.2;
				MTL_ENABLE_DEBUG_INFO = NO;
				SDKROOT = iphoneos;
				SWIFT_OPTIMIZATION_LEVEL = "-Owholemodule";
				VALIDATE_PRODUCT = YES;
			};
			name = Release;
		};
		D7AD61C62031AEBA00EE9F58 /* Debug */ = {
			isa = XCBuildConfiguration;
			baseConfigurationReference = B11979C618E317C00774433C /* Pods-Todoey.debug.xcconfig */;
			buildSettings = {
				ASSETCATALOG_COMPILER_APPICON_NAME = AppIcon;
				CODE_SIGN_STYLE = Automatic;
				INFOPLIST_FILE = Todoey/Info.plist;
				LD_RUNPATH_SEARCH_PATHS = "$(inherited) @executable_path/Frameworks";
				PRODUCT_BUNDLE_IDENTIFIER = com.ishayt.Todoey;
				PRODUCT_NAME = "$(TARGET_NAME)";
				SWIFT_VERSION = 4.0;
				TARGETED_DEVICE_FAMILY = "1,2";
			};
			name = Debug;
		};
		D7AD61C72031AEBA00EE9F58 /* Release */ = {
			isa = XCBuildConfiguration;
			baseConfigurationReference = 365F99DD9886DCB71FB4FE8A /* Pods-Todoey.release.xcconfig */;
			buildSettings = {
				ASSETCATALOG_COMPILER_APPICON_NAME = AppIcon;
				CODE_SIGN_STYLE = Automatic;
				INFOPLIST_FILE = Todoey/Info.plist;
				LD_RUNPATH_SEARCH_PATHS = "$(inherited) @executable_path/Frameworks";
				PRODUCT_BUNDLE_IDENTIFIER = com.ishayt.Todoey;
				PRODUCT_NAME = "$(TARGET_NAME)";
				SWIFT_VERSION = 4.0;
				TARGETED_DEVICE_FAMILY = "1,2";
			};
			name = Release;
		};
/* End XCBuildConfiguration section */

/* Begin XCConfigurationList section */
		D7AD61AE2031AEBA00EE9F58 /* Build configuration list for PBXProject "Todoey" */ = {
			isa = XCConfigurationList;
			buildConfigurations = (
				D7AD61C32031AEBA00EE9F58 /* Debug */,
				D7AD61C42031AEBA00EE9F58 /* Release */,
			);
			defaultConfigurationIsVisible = 0;
			defaultConfigurationName = Release;
		};
		D7AD61C52031AEBA00EE9F58 /* Build configuration list for PBXNativeTarget "Todoey" */ = {
			isa = XCConfigurationList;
			buildConfigurations = (
				D7AD61C62031AEBA00EE9F58 /* Debug */,
				D7AD61C72031AEBA00EE9F58 /* Release */,
			);
			defaultConfigurationIsVisible = 0;
			defaultConfigurationName = Release;
		};
/* End XCConfigurationList section */
	};
	rootObject = D7AD61AB2031AEBA00EE9F58 /* Project object */;
}
